{
  "name": "pi-lease",
  "version": "0.2.1",
  "lockfileVersion": 3,
  "requires": true,
  "packages": {
    "": {
      "name": "pi-lease",
      "version": "0.2.1",
      "license": "MIT",
      "bin": {
        "pi-lease": "bin/pi-lease.js",
        "pi-lease-setup": "bin/pi-lease-setup"
      },
      "engines": {
        "node": ">=20"
      }
    }
  }
}
